// !$*UTF8*$!
{
	archiveVersion = 1;
	classes = {
	};
	objectVersion = 56;
	objects = {

/* Begin PBXBuildFile section */
		530250652B22560B00254F04 /* AddFood.swift in Sources */ = {isa = PBXBuildFile; fileRef = 530250642B22560B00254F04 /* AddFood.swift */; };
		538113662B22307300AC5F4B /* Profile.swift in Sources */ = {isa = PBXBuildFile; fileRef = 538113652B22307300AC5F4B /* Profile.swift */; };
		53C186BB2B17BBBD00F02128 /* CalCalcApp.swift in Sources */ = {isa = PBXBuildFile; fileRef = 53C186BA2B17BBBD00F02128 /* CalCalcApp.swift */; };
		53C186BD2B17BBBD00F02128 /* ContentView.swift in Sources */ = {isa = PBXBuildFile; fileRef = 53C186BC2B17BBBD00F02128 /* ContentView.swift */; };
		53C186BF2B17BBC000F02128 /* Assets.xcassets in Resources */ = {isa = PBXBuildFile; fileRef = 53C186BE2B17BBC000F02128 /* Assets.xcassets */; };
		53C186C22B17BBC000F02128 /* Preview Assets.xcassets in Resources */ = {isa = PBXBuildFile; fileRef = 53C186C12B17BBC000F02128 /* Preview Assets.xcassets */; };
		53C186CB2B17D07100F02128 /* LogIn.swift in Sources */ = {isa = PBXBuildFile; fileRef = 53C186CA2B17D07100F02128 /* LogIn.swift */; };
		53C186CD2B17DF6300F02128 /* Progress1.swift in Sources */ = {isa = PBXBuildFile; fileRef = 53C186CC2B17DF6300F02128 /* Progress1.swift */; };
		53C186CF2B1818F800F02128 /* Progress2.swift in Sources */ = {isa = PBXBuildFile; fileRef = 53C186CE2B1818F800F02128 /* Progress2.swift */; };
		53C186D12B181B7800F02128 /* Progress3.swift in Sources */ = {isa = PBXBuildFile; fileRef = 53C186D02B181B7800F02128 /* Progress3.swift */; };
		53C186D32B181F6300F02128 /* Progress4.swift in Sources */ = {isa = PBXBuildFile; fileRef = 53C186D22B181F6300F02128 /* Progress4.swift */; };
		53D734412B1A852F0025EC21 /* Progress5.swift in Sources */ = {isa = PBXBuildFile; fileRef = 53D734402B1A852F0025EC21 /* Progress5.swift */; };
		53D734432B1A853F0025EC21 /* Progress6.swift in Sources */ = {isa = PBXBuildFile; fileRef = 53D734422B1A853F0025EC21 /* Progress6.swift */; };
		53D734452B1A85480025EC21 /* Progress7.swift in Sources */ = {isa = PBXBuildFile; fileRef = 53D734442B1A85480025EC21 /* Progress7.swift */; };
		53D734472B1A85550025EC21 /* Progress8.swift in Sources */ = {isa = PBXBuildFile; fileRef = 53D734462B1A85550025EC21 /* Progress8.swift */; };
		53D734492B1A87E10025EC21 /* Progress9.swift in Sources */ = {isa = PBXBuildFile; fileRef = 53D734482B1A87E10025EC21 /* Progress9.swift */; };
		53D7344B2B1A87F10025EC21 /* Progress10.swift in Sources */ = {isa = PBXBuildFile; fileRef = 53D7344A2B1A87F10025EC21 /* Progress10.swift */; };
		53D7344D2B1A88110025EC21 /* Progress11.swift in Sources */ = {isa = PBXBuildFile; fileRef = 53D7344C2B1A88110025EC21 /* Progress11.swift */; };
		53D7344F2B1A8D5B0025EC21 /* HomeScreen.swift in Sources */ = {isa = PBXBuildFile; fileRef = 53D7344E2B1A8D5B0025EC21 /* HomeScreen.swift */; };
		53EA70062B21219800EA574F /* FoodDiary.swift in Sources */ = {isa = PBXBuildFile; fileRef = 53EA70052B21219800EA574F /* FoodDiary.swift */; };
/* End PBXBuildFile section */

/* Begin PBXFileReference section */
		530250642B22560B00254F04 /* AddFood.swift */ = {isa = PBXFileReference; lastKnownFileType = sourcecode.swift; path = AddFood.swift; sourceTree = "<group>"; };
		538113652B22307300AC5F4B /* Profile.swift */ = {isa = PBXFileReference; lastKnownFileType = sourcecode.swift; path = Profile.swift; sourceTree = "<group>"; };
		53C186B72B17BBBD00F02128 /* CalCalc.app */ = {isa = PBXFileReference; explicitFileType = wrapper.application; includeInIndex = 0; path = CalCalc.app; sourceTree = BUILT_PRODUCTS_DIR; };
		53C186BA2B17BBBD00F02128 /* CalCalcApp.swift */ = {isa = PBXFileReference; lastKnownFileType = sourcecode.swift; path = CalCalcApp.swift; sourceTree = "<group>"; };
		53C186BC2B17BBBD00F02128 /* ContentView.swift */ = {isa = PBXFileReference; lastKnownFileType = sourcecode.swift; path = ContentView.swift; sourceTree = "<group>"; };
		53C186BE2B17BBC000F02128 /* Assets.xcassets */ = {isa = PBXFileReference; lastKnownFileType = folder.assetcatalog; path = Assets.xcassets; sourceTree = "<group>"; };
		53C186C12B17BBC000F02128 /* Preview Assets.xcassets */ = {isa = PBXFileReference; lastKnownFileType = folder.assetcatalog; path = "Preview Assets.xcassets"; sourceTree = "<group>"; };
		53C186CA2B17D07100F02128 /* LogIn.swift */ = {isa = PBXFileReference; lastKnownFileType = sourcecode.swift; path = LogIn.swift; sourceTree = "<group>"; };
		53C186CC2B17DF6300F02128 /* Progress1.swift */ = {isa = PBXFileReference; lastKnownFileType = sourcecode.swift; path = Progress1.swift; sourceTree = "<group>"; };
		53C186CE2B1818F800F02128 /* Progress2.swift */ = {isa = PBXFileReference; lastKnownFileType = sourcecode.swift; path = Progress2.swift; sourceTree = "<group>"; };
		53C186D02B181B7800F02128 /* Progress3.swift */ = {isa = PBXFileReference; lastKnownFileType = sourcecode.swift; path = Progress3.swift; sourceTree = "<group>"; };
		53C186D22B181F6300F02128 /* Progress4.swift */ = {isa = PBXFileReference; lastKnownFileType = sourcecode.swift; path = Progress4.swift; sourceTree = "<group>"; };
		53D734402B1A852F0025EC21 /* Progress5.swift */ = {isa = PBXFileReference; lastKnownFileType = sourcecode.swift; path = Progress5.swift; sourceTree = "<group>"; };
		53D734422B1A853F0025EC21 /* Progress6.swift */ = {isa = PBXFileReference; lastKnownFileType = sourcecode.swift; path = Progress6.swift; sourceTree = "<group>"; };
		53D734442B1A85480025EC21 /* Progress7.swift */ = {isa = PBXFileReference; lastKnownFileType = sourcecode.swift; path = Progress7.swift; sourceTree = "<group>"; };
		53D734462B1A85550025EC21 /* Progress8.swift */ = {isa = PBXFileReference; lastKnownFileType = sourcecode.swift; path = Progress8.swift; sourceTree = "<group>"; };
		53D734482B1A87E10025EC21 /* Progress9.swift */ = {isa = PBXFileReference; lastKnownFileType = sourcecode.swift; path = Progress9.swift; sourceTree = "<group>"; };
		53D7344A2B1A87F10025EC21 /* Progress10.swift */ = {isa = PBXFileReference; lastKnownFileType = sourcecode.swift; path = Progress10.swift; sourceTree = "<group>"; };
		53D7344C2B1A88110025EC21 /* Progress11.swift */ = {isa = PBXFileReference; lastKnownFileType = sourcecode.swift; path = Progress11.swift; sourceTree = "<group>"; };
		53D7344E2B1A8D5B0025EC21 /* HomeScreen.swift */ = {isa = PBXFileReference; lastKnownFileType = sourcecode.swift; path = HomeScreen.swift; sourceTree = "<group>"; };
		53EA70052B21219800EA574F /* FoodDiary.swift */ = {isa = PBXFileReference; lastKnownFileType = sourcecode.swift; path = FoodDiary.swift; sourceTree = "<group>"; };
/* End PBXFileReference section */

/* Begin PBXFrameworksBuildPhase section */
		53C186B42B17BBBD00F02128 /* Frameworks */ = {
			isa = PBXFrameworksBuildPhase;
			buildActionMask = 2147483647;
			files = (
			);
			runOnlyForDeploymentPostprocessing = 0;
		};
/* End PBXFrameworksBuildPhase section */

/* Begin PBXGroup section */
		53C186AE2B17BBBD00F02128 = {
			isa = PBXGroup;
			children = (
				53C186B92B17BBBD00F02128 /* CalCalc */,
				53C186B82B17BBBD00F02128 /* Products */,
			);
			sourceTree = "<group>";
		};
		53C186B82B17BBBD00F02128 /* Products */ = {
			isa = PBXGroup;
			children = (
				53C186B72B17BBBD00F02128 /* CalCalc.app */,
			);
			name = Products;
			sourceTree = "<group>";
		};
		53C186B92B17BBBD00F02128 /* CalCalc */ = {
			isa = PBXGroup;
			children = (
				53C186BA2B17BBBD00F02128 /* CalCalcApp.swift */,
				53C186BC2B17BBBD00F02128 /* ContentView.swift */,
				53C186CA2B17D07100F02128 /* LogIn.swift */,
				53C186CC2B17DF6300F02128 /* Progress1.swift */,
				53C186CE2B1818F800F02128 /* Progress2.swift */,
				53C186D02B181B7800F02128 /* Progress3.swift */,
				53C186D22B181F6300F02128 /* Progress4.swift */,
				53D734402B1A852F0025EC21 /* Progress5.swift */,
				53D734422B1A853F0025EC21 /* Progress6.swift */,
				53D734442B1A85480025EC21 /* Progress7.swift */,
				53D734462B1A85550025EC21 /* Progress8.swift */,
				53D734482B1A87E10025EC21 /* Progress9.swift */,
				53D7344A2B1A87F10025EC21 /* Progress10.swift */,
				53D7344C2B1A88110025EC21 /* Progress11.swift */,
				53D7344E2B1A8D5B0025EC21 /* HomeScreen.swift */,
				53EA70052B21219800EA574F /* FoodDiary.swift */,
				530250642B22560B00254F04 /* AddFood.swift */,
				538113652B22307300AC5F4B /* Profile.swift */,
				53C186BE2B17BBC000F02128 /* Assets.xcassets */,
				53C186C02B17BBC000F02128 /* Preview Content */,
			);
			path = CalCalc;
			sourceTree = "<group>";
		};
		53C186C02B17BBC000F02128 /* Preview Content */ = {
			isa = PBXGroup;
			children = (
				53C186C12B17BBC000F02128 /* Preview Assets.xcassets */,
			);
			path = "Preview Content";
			sourceTree = "<group>";
		};
/* End PBXGroup section */

/* Begin PBXNativeTarget section */
		53C186B62B17BBBD00F02128 /* CalCalc */ = {
			isa = PBXNativeTarget;
			buildConfigurationList = 53C186C52B17BBC000F02128 /* Build configuration list for PBXNativeTarget "CalCalc" */;
			buildPhases = (
				53C186B32B17BBBD00F02128 /* Sources */,
				53C186B42B17BBBD00F02128 /* Frameworks */,
				53C186B52B17BBBD00F02128 /* Resources */,
			);
			buildRules = (
			);
			dependencies = (
			);
			name = CalCalc;
			productName = CalCalc;
			productReference = 53C186B72B17BBBD00F02128 /* CalCalc.app */;
			productType = "com.apple.product-type.application";
		};
/* End PBXNativeTarget section */

/* Begin PBXProject section */
		53C186AF2B17BBBD00F02128 /* Project object */ = {
			isa = PBXProject;
			attributes = {
				BuildIndependentTargetsInParallel = 1;
				LastSwiftUpdateCheck = 1500;
				LastUpgradeCheck = 1500;
				TargetAttributes = {
					53C186B62B17BBBD00F02128 = {
						CreatedOnToolsVersion = 15.0.1;
					};
				};
			};
			buildConfigurationList = 53C186B22B17BBBD00F02128 /* Build configuration list for PBXProject "CalCalc" */;
			compatibilityVersion = "Xcode 14.0";
			developmentRegion = en;
			hasScannedForEncodings = 0;
			knownRegions = (
				en,
				Base,
			);
			mainGroup = 53C186AE2B17BBBD00F02128;
			productRefGroup = 53C186B82B17BBBD00F02128 /* Products */;
			projectDirPath = "";
			projectRoot = "";
			targets = (
				53C186B62B17BBBD00F02128 /* CalCalc */,
			);
		};
/* End PBXProject section */

/* Begin PBXResourcesBuildPhase section */
		53C186B52B17BBBD00F02128 /* Resources */ = {
			isa = PBXResourcesBuildPhase;
			buildActionMask = 2147483647;
			files = (
				53C186C22B17BBC000F02128 /* Preview Assets.xcassets in Resources */,
				53C186BF2B17BBC000F02128 /* Assets.xcassets in Resources */,
			);
			runOnlyForDeploymentPostprocessing = 0;
		};
/* End PBXResourcesBuildPhase section */

/* Begin PBXSourcesBuildPhase section */
		53C186B32B17BBBD00F02128 /* Sources */ = {
			isa = PBXSourcesBuildPhase;
			buildActionMask = 2147483647;
			files = (
				538113662B22307300AC5F4B /* Profile.swift in Sources */,
				53C186CD2B17DF6300F02128 /* Progress1.swift in Sources */,
				53D7344B2B1A87F10025EC21 /* Progress10.swift in Sources */,
				53C186BD2B17BBBD00F02128 /* ContentView.swift in Sources */,
				53D734452B1A85480025EC21 /* Progress7.swift in Sources */,
				53C186BB2B17BBBD00F02128 /* CalCalcApp.swift in Sources */,
				53D734492B1A87E10025EC21 /* Progress9.swift in Sources */,
				53D7344D2B1A88110025EC21 /* Progress11.swift in Sources */,
				53C186D32B181F6300F02128 /* Progress4.swift in Sources */,
				53D734412B1A852F0025EC21 /* Progress5.swift in Sources */,
				53C186CB2B17D07100F02128 /* LogIn.swift in Sources */,
				53C186D12B181B7800F02128 /* Progress3.swift in Sources */,
				53EA70062B21219800EA574F /* FoodDiary.swift in Sources */,
				530250652B22560B00254F04 /* AddFood.swift in Sources */,
				53D7344F2B1A8D5B0025EC21 /* HomeScreen.swift in Sources */,
				53C186CF2B1818F800F02128 /* Progress2.swift in Sources */,
				53D734472B1A85550025EC21 /* Progress8.swift in Sources */,
				53D734432B1A853F0025EC21 /* Progress6.swift in Sources */,
			);
			runOnlyForDeploymentPostprocessing = 0;
		};
/* End PBXSourcesBuildPhase section */

/* Begin XCBuildConfiguration section */
		53C186C32B17BBC000F02128 /* Debug */ = {
			isa = XCBuildConfiguration;
			buildSettings = {
				ALWAYS_SEARCH_USER_PATHS = NO;
				ASSETCATALOG_COMPILER_GENERATE_SWIFT_ASSET_SYMBOL_EXTENSIONS = YES;
				CLANG_ANALYZER_NONNULL = YES;
				CLANG_ANALYZER_NUMBER_OBJECT_CONVERSION = YES_AGGRESSIVE;
				CLANG_CXX_LANGUAGE_STANDARD = "gnu++20";
				CLANG_ENABLE_MODULES = YES;
				CLANG_ENABLE_OBJC_ARC = YES;
				CLANG_ENABLE_OBJC_WEAK = YES;
				CLANG_WARN_BLOCK_CAPTURE_AUTORELEASING = YES;
				CLANG_WARN_BOOL_CONVERSION = YES;
				CLANG_WARN_COMMA = YES;
				CLANG_WARN_CONSTANT_CONVERSION = YES;
				CLANG_WARN_DEPRECATED_OBJC_IMPLEMENTATIONS = YES;
				CLANG_WARN_DIRECT_OBJC_ISA_USAGE = YES_ERROR;
				CLANG_WARN_DOCUMENTATION_COMMENTS = YES;
				CLANG_WARN_EMPTY_BODY = YES;
				CLANG_WARN_ENUM_CONVERSION = YES;
				CLANG_WARN_INFINITE_RECURSION = YES;
				CLANG_WARN_INT_CONVERSION = YES;
				CLANG_WARN_NON_LITERAL_NULL_CONVERSION = YES;
				CLANG_WARN_OBJC_IMPLICIT_RETAIN_SELF = YES;
				CLANG_WARN_OBJC_LITERAL_CONVERSION = YES;
				CLANG_WARN_OBJC_ROOT_CLASS = YES_ERROR;
				CLANG_WARN_QUOTED_INCLUDE_IN_FRAMEWORK_HEADER = YES;
				CLANG_WARN_RANGE_LOOP_ANALYSIS = YES;
				CLANG_WARN_STRICT_PROTOTYPES = YES;
				CLANG_WARN_SUSPICIOUS_MOVE = YES;
				CLANG_WARN_UNGUARDED_AVAILABILITY = YES_AGGRESSIVE;
				CLANG_WARN_UNREACHABLE_CODE = YES;
				CLANG_WARN__DUPLICATE_METHOD_MATCH = YES;
				COPY_PHASE_STRIP = NO;
				DEBUG_INFORMATION_FORMAT = dwarf;
				ENABLE_STRICT_OBJC_MSGSEND = YES;
				ENABLE_TESTABILITY = YES;
				ENABLE_USER_SCRIPT_SANDBOXING = YES;
				GCC_C_LANGUAGE_STANDARD = gnu17;
				GCC_DYNAMIC_NO_PIC = NO;
				GCC_NO_COMMON_BLOCKS = YES;
				GCC_OPTIMIZATION_LEVEL = 0;
				GCC_PREPROCESSOR_DEFINITIONS = (
					"DEBUG=1",
					"$(inherited)",
				);
				GCC_WARN_64_TO_32_BIT_CONVERSION = YES;
				GCC_WARN_ABOUT_RETURN_TYPE = YES_ERROR;
				GCC_WARN_UNDECLARED_SELECTOR = YES;
				GCC_WARN_UNINITIALIZED_AUTOS = YES_AGGRESSIVE;
				GCC_WARN_UNUSED_FUNCTION = YES;
				GCC_WARN_UNUSED_VARIABLE = YES;
				IPHONEOS_DEPLOYMENT_TARGET = 17.0;
				LOCALIZATION_PREFERS_STRING_CATALOGS = YES;
				MTL_ENABLE_DEBUG_INFO = INCLUDE_SOURCE;
				MTL_FAST_MATH = YES;
				ONLY_ACTIVE_ARCH = YES;
				SDKROOT = iphoneos;
				SWIFT_ACTIVE_COMPILATION_CONDITIONS = "DEBUG $(inherited)";
				SWIFT_OPTIMIZATION_LEVEL = "-Onone";
			};
			name = Debug;
		};
		53C186C42B17BBC000F02128 /* Release */ = {
			isa = XCBuildConfiguration;
			buildSettings = {
				ALWAYS_SEARCH_USER_PATHS = NO;
				ASSETCATALOG_COMPILER_GENERATE_SWIFT_ASSET_SYMBOL_EXTENSIONS = YES;
				CLANG_ANALYZER_NONNULL = YES;
				CLANG_ANALYZER_NUMBER_OBJECT_CONVERSION = YES_AGGRESSIVE;
				CLANG_CXX_LANGUAGE_STANDARD = "gnu++20";
				CLANG_ENABLE_MODULES = YES;
				CLANG_ENABLE_OBJC_ARC = YES;
				CLANG_ENABLE_OBJC_WEAK = YES;
				CLANG_WARN_BLOCK_CAPTURE_AUTORELEASING = YES;
				CLANG_WARN_BOOL_CONVERSION = YES;
				CLANG_WARN_COMMA = YES;
				CLANG_WARN_CONSTANT_CONVERSION = YES;
				CLANG_WARN_DEPRECATED_OBJC_IMPLEMENTATIONS = YES;
				CLANG_WARN_DIRECT_OBJC_ISA_USAGE = YES_ERROR;
				CLANG_WARN_DOCUMENTATION_COMMENTS = YES;
				CLANG_WARN_EMPTY_BODY = YES;
				CLANG_WARN_ENUM_CONVERSION = YES;
				CLANG_WARN_INFINITE_RECURSION = YES;
				CLANG_WARN_INT_CONVERSION = YES;
				CLANG_WARN_NON_LITERAL_NULL_CONVERSION = YES;
				CLANG_WARN_OBJC_IMPLICIT_RETAIN_SELF = YES;
				CLANG_WARN_OBJC_LITERAL_CONVERSION = YES;
				CLANG_WARN_OBJC_ROOT_CLASS = YES_ERROR;
				CLANG_WARN_QUOTED_INCLUDE_IN_FRAMEWORK_HEADER = YES;
				CLANG_WARN_RANGE_LOOP_ANALYSIS = YES;
				CLANG_WARN_STRICT_PROTOTYPES = YES;
				CLANG_WARN_SUSPICIOUS_MOVE = YES;
				CLANG_WARN_UNGUARDED_AVAILABILITY = YES_AGGRESSIVE;
				CLANG_WARN_UNREACHABLE_CODE = YES;
				CLANG_WARN__DUPLICATE_METHOD_MATCH = YES;
				COPY_PHASE_STRIP = NO;
				DEBUG_INFORMATION_FORMAT = "dwarf-with-dsym";
				ENABLE_NS_ASSERTIONS = NO;
				ENABLE_STRICT_OBJC_MSGSEND = YES;
				ENABLE_USER_SCRIPT_SANDBOXING = YES;
				GCC_C_LANGUAGE_STANDARD = gnu17;
				GCC_NO_COMMON_BLOCKS = YES;
				GCC_WARN_64_TO_32_BIT_CONVERSION = YES;
				GCC_WARN_ABOUT_RETURN_TYPE = YES_ERROR;
				GCC_WARN_UNDECLARED_SELECTOR = YES;
				GCC_WARN_UNINITIALIZED_AUTOS = YES_AGGRESSIVE;
				GCC_WARN_UNUSED_FUNCTION = YES;
				GCC_WARN_UNUSED_VARIABLE = YES;
				IPHONEOS_DEPLOYMENT_TARGET = 17.0;
				LOCALIZATION_PREFERS_STRING_CATALOGS = YES;
				MTL_ENABLE_DEBUG_INFO = NO;
				MTL_FAST_MATH = YES;
				SDKROOT = iphoneos;
				SWIFT_COMPILATION_MODE = wholemodule;
				VALIDATE_PRODUCT = YES;
			};
			name = Release;
		};
		53C186C62B17BBC000F02128 /* Debug */ = {
			isa = XCBuildConfiguration;
			buildSettings = {
				ASSETCATALOG_COMPILER_APPICON_NAME = AppIcon;
				ASSETCATALOG_COMPILER_GLOBAL_ACCENT_COLOR_NAME = AccentColor;
				CODE_SIGN_STYLE = Automatic;
				CURRENT_PROJECT_VERSION = 1;
				DEVELOPMENT_ASSET_PATHS = "\"CalCalc/Preview Content\"";
				ENABLE_PREVIEWS = YES;
				GENERATE_INFOPLIST_FILE = YES;
				INFOPLIST_KEY_UIApplicationSceneManifest_Generation = YES;
				INFOPLIST_KEY_UIApplicationSupportsIndirectInputEvents = YES;
				INFOPLIST_KEY_UILaunchScreen_Generation = YES;
				INFOPLIST_KEY_UISupportedInterfaceOrientations_iPad = "UIInterfaceOrientationPortrait UIInterfaceOrientationPortraitUpsideDown UIInterfaceOrientationLandscapeLeft UIInterfaceOrientationLandscapeRight";
				INFOPLIST_KEY_UISupportedInterfaceOrientations_iPhone = "UIInterfaceOrientationPortrait UIInterfaceOrientationLandscapeLeft UIInterfaceOrientationLandscapeRight";
				LD_RUNPATH_SEARCH_PATHS = (
					"$(inherited)",
					"@executable_path/Frameworks",
				);
				MARKETING_VERSION = 1.0;
				PRODUCT_BUNDLE_IDENTIFIER = com.mgoldb16.CalCalc;
				PRODUCT_NAME = "$(TARGET_NAME)";
				SWIFT_EMIT_LOC_STRINGS = YES;
				SWIFT_VERSION = 5.0;
				TARGETED_DEVICE_FAMILY = "1,2";
			};
			name = Debug;
		};
		53C186C72B17BBC000F02128 /* Release */ = {
			isa = XCBuildConfiguration;
			buildSettings = {
				ASSETCATALOG_COMPILER_APPICON_NAME = AppIcon;
				ASSETCATALOG_COMPILER_GLOBAL_ACCENT_COLOR_NAME = AccentColor;
				CODE_SIGN_STYLE = Automatic;
				CURRENT_PROJECT_VERSION = 1;
				DEVELOPMENT_ASSET_PATHS = "\"CalCalc/Preview Content\"";
				ENABLE_PREVIEWS = YES;
				GENERATE_INFOPLIST_FILE = YES;
				INFOPLIST_KEY_UIApplicationSceneManifest_Generation = YES;
				INFOPLIST_KEY_UIApplicationSupportsIndirectInputEvents = YES;
				INFOPLIST_KEY_UILaunchScreen_Generation = YES;
				INFOPLIST_KEY_UISupportedInterfaceOrientations_iPad = "UIInterfaceOrientationPortrait UIInterfaceOrientationPortraitUpsideDown UIInterfaceOrientationLandscapeLeft UIInterfaceOrientationLandscapeRight";
				INFOPLIST_KEY_UISupportedInterfaceOrientations_iPhone = "UIInterfaceOrientationPortrait UIInterfaceOrientationLandscapeLeft UIInterfaceOrientationLandscapeRight";
				LD_RUNPATH_SEARCH_PATHS = (
					"$(inherited)",
					"@executable_path/Frameworks",
				);
				MARKETING_VERSION = 1.0;
				PRODUCT_BUNDLE_IDENTIFIER = com.mgoldb16.CalCalc;
				PRODUCT_NAME = "$(TARGET_NAME)";
				SWIFT_EMIT_LOC_STRINGS = YES;
				SWIFT_VERSION = 5.0;
				TARGETED_DEVICE_FAMILY = "1,2";
			};
			name = Release;
		};
/* End XCBuildConfiguration section */

/* Begin XCConfigurationList section */
		53C186B22B17BBBD00F02128 /* Build configuration list for PBXProject "CalCalc" */ = {
			isa = XCConfigurationList;
			buildConfigurations = (
				53C186C32B17BBC000F02128 /* Debug */,
				53C186C42B17BBC000F02128 /* Release */,
			);
			defaultConfigurationIsVisible = 0;
			defaultConfigurationName = Release;
		};
		53C186C52B17BBC000F02128 /* Build configuration list for PBXNativeTarget "CalCalc" */ = {
			isa = XCConfigurationList;
			buildConfigurations = (
				53C186C62B17BBC000F02128 /* Debug */,
				53C186C72B17BBC000F02128 /* Release */,
			);
			defaultConfigurationIsVisible = 0;
			defaultConfigurationName = Release;
		};
/* End XCConfigurationList section */
	};
	rootObject = 53C186AF2B17BBBD00F02128 /* Project object */;
}
